
Microsoft Visual Studio Solution File, Format Version 12.00
# Visual Studio Version 16
VisualStudioVersion = 16.0.31410.357
MinimumVisualStudioVersion = 10.0.40219.1
Project("{FAE04EC0-301F-11D3-BF4B-00C04F79EFBC}") = "PaypalCheckOut", "PaypalCheckOut\PaypalCheckOut.csproj", "{ABE592F3-A02A-4CA2-B841-DA0D6116F75C}"
EndProject
Global
	GlobalSection(SolutionConfigurationPlatforms) = preSolution
		Debug|Any CPU = Debug|Any CPU
		Release|Any CPU = Release|Any CPU
	EndGlobalSection
	GlobalSection(ProjectConfigurationPlatforms) = postSolution
		{ABE592F3-A02A-4CA2-B841-DA0D6116F75C}.Debug|Any CPU.ActiveCfg = Debug|Any CPU
		{ABE592F3-A02A-4CA2-B841-DA0D6116F75C}.Debug|Any CPU.Build.0 = Debug|Any CPU
		{ABE592F3-A02A-4CA2-B841-DA0D6116F75C}.Release|Any CPU.ActiveCfg = Release|Any CPU
		{ABE592F3-A02A-4CA2-B841-DA0D6116F75C}.Release|Any CPU.Build.0 = Release|Any CPU
	EndGlobalSection
	GlobalSection(SolutionProperties) = preSolution
		HideSolutionNode = FALSE
	EndGlobalSection
	GlobalSection(ExtensibilityGlobals) = postSolution
		SolutionGuid = {E291F63F-71BC-4E25-B78D-56267BA55916}
	EndGlobalSection
EndGlobal
